
Microsoft Visual Studio Solution File, Format Version 12.00
# Visual Studio Version 17
VisualStudioVersion = 17.0.31903.59
MinimumVisualStudioVersion = 10.0.40219.1
Project("{2150E333-8FDC-42A3-9474-1A3956D46DE8}") = "src", "src", "{F0787A06-02E9-452B-8F11-0C90FC391163}"
EndProject
Project("{FAE04EC0-301F-11D3-BF4B-00C04F79EFBC}") = "StockAnalyzer.WebApi", "src\StockAnalyzer.WebApi\StockAnalyzer.WebApi.csproj", "{43C932EE-D94A-4004-B9F9-2ECCD20D4042}"
EndProject
Project("{FAE04EC0-301F-11D3-BF4B-00C04F79EFBC}") = "StockAnalyzer.Web", "src\StockAnalyzer.Web\StockAnalyzer.Web.csproj", "{391238EA-D6BE-49E7-B080-FDA0401FA7AB}"
EndProject
Global
	GlobalSection(SolutionProperties) = preSolution
		HideSolutionNode = FALSE
	EndGlobalSection
	GlobalSection(SolutionConfigurationPlatforms) = preSolution
		Debug|Any CPU = Debug|Any CPU
		Debug|x64 = Debug|x64
		Debug|x86 = Debug|x86
		Release|Any CPU = Release|Any CPU
		Release|x64 = Release|x64
		Release|x86 = Release|x86
	EndGlobalSection
	GlobalSection(ProjectConfigurationPlatforms) = postSolution
		{43C932EE-D94A-4004-B9F9-2ECCD20D4042}.Debug|Any CPU.ActiveCfg = Debug|Any CPU
		{43C932EE-D94A-4004-B9F9-2ECCD20D4042}.Debug|Any CPU.Build.0 = Debug|Any CPU
		{43C932EE-D94A-4004-B9F9-2ECCD20D4042}.Debug|x64.ActiveCfg = Debug|Any CPU
		{43C932EE-D94A-4004-B9F9-2ECCD20D4042}.Debug|x64.Build.0 = Debug|Any CPU
		{43C932EE-D94A-4004-B9F9-2ECCD20D4042}.Debug|x86.ActiveCfg = Debug|Any CPU
		{43C932EE-D94A-4004-B9F9-2ECCD20D4042}.Debug|x86.Build.0 = Debug|Any CPU
		{43C932EE-D94A-4004-B9F9-2ECCD20D4042}.Release|Any CPU.ActiveCfg = Release|Any CPU
		{43C932EE-D94A-4004-B9F9-2ECCD20D4042}.Release|Any CPU.Build.0 = Release|Any CPU
		{43C932EE-D94A-4004-B9F9-2ECCD20D4042}.Release|x64.ActiveCfg = Release|Any CPU
		{43C932EE-D94A-4004-B9F9-2ECCD20D4042}.Release|x64.Build.0 = Release|Any CPU
		{43C932EE-D94A-4004-B9F9-2ECCD20D4042}.Release|x86.ActiveCfg = Release|Any CPU
		{43C932EE-D94A-4004-B9F9-2ECCD20D4042}.Release|x86.Build.0 = Release|Any CPU
		{391238EA-D6BE-49E7-B080-FDA0401FA7AB}.Debug|Any CPU.ActiveCfg = Debug|Any CPU
		{391238EA-D6BE-49E7-B080-FDA0401FA7AB}.Debug|Any CPU.Build.0 = Debug|Any CPU
		{391238EA-D6BE-49E7-B080-FDA0401FA7AB}.Debug|x64.ActiveCfg = Debug|Any CPU
		{391238EA-D6BE-49E7-B080-FDA0401FA7AB}.Debug|x64.Build.0 = Debug|Any CPU
		{391238EA-D6BE-49E7-B080-FDA0401FA7AB}.Debug|x86.ActiveCfg = Debug|Any CPU
		{391238EA-D6BE-49E7-B080-FDA0401FA7AB}.Debug|x86.Build.0 = Debug|Any CPU
		{391238EA-D6BE-49E7-B080-FDA0401FA7AB}.Release|Any CPU.ActiveCfg = Release|Any CPU
		{391238EA-D6BE-49E7-B080-FDA0401FA7AB}.Release|Any CPU.Build.0 = Release|Any CPU
		{391238EA-D6BE-49E7-B080-FDA0401FA7AB}.Release|x64.ActiveCfg = Release|Any CPU
		{391238EA-D6BE-49E7-B080-FDA0401FA7AB}.Release|x64.Build.0 = Release|Any CPU
		{391238EA-D6BE-49E7-B080-FDA0401FA7AB}.Release|x86.ActiveCfg = Release|Any CPU
		{391238EA-D6BE-49E7-B080-FDA0401FA7AB}.Release|x86.Build.0 = Release|Any CPU
	EndGlobalSection
	GlobalSection(NestedProjects) = preSolution
		{43C932EE-D94A-4004-B9F9-2ECCD20D4042} = {F0787A06-02E9-452B-8F11-0C90FC391163}
		{391238EA-D6BE-49E7-B080-FDA0401FA7AB} = {F0787A06-02E9-452B-8F11-0C90FC391163}
	EndGlobalSection
EndGlobal
